// !$*UTF8*$!
{
	archiveVersion = 1;
	classes = {
	};
	objectVersion = 56;
	objects = {

/* Begin PBXBuildFile section */
		D709E8F92B997F0500433AA5 /* geodb.cpp in Sources */ = {isa = PBXBuildFile; fileRef = D709E8F72B997F0500433AA5 /* geodb.cpp */; };
		D709E8FB2B99800D00433AA5 /* geodbTest.cpp in Sources */ = {isa = PBXBuildFile; fileRef = D709E8FA2B99800D00433AA5 /* geodbTest.cpp */; };
		D760FE972B9964D6004BD6F1 /* main.cpp in Sources */ = {isa = PBXBuildFile; fileRef = D760FE962B9964D6004BD6F1 /* main.cpp */; };
		D760FEAB2B99679E004BD6F1 /* main.cpp in Sources */ = {isa = PBXBuildFile; fileRef = D760FEAA2B99679E004BD6F1 /* main.cpp */; };
/* End PBXBuildFile section */

/* Begin PBXCopyFilesBuildPhase section */
		D709E8EE2B997EFA00433AA5 /* CopyFiles */ = {
			isa = PBXCopyFilesBuildPhase;
			buildActionMask = 2147483647;
			dstPath = /usr/share/man/man1/;
			dstSubfolderSpec = 0;
			files = (
			);
			runOnlyForDeploymentPostprocessing = 1;
		};
		D760FE912B9964D6004BD6F1 /* CopyFiles */ = {
			isa = PBXCopyFilesBuildPhase;
			buildActionMask = 2147483647;
			dstPath = /usr/share/man/man1/;
			dstSubfolderSpec = 0;
			files = (
			);
			runOnlyForDeploymentPostprocessing = 1;
		};
		D760FEA62B99679E004BD6F1 /* CopyFiles */ = {
			isa = PBXCopyFilesBuildPhase;
			buildActionMask = 2147483647;
			dstPath = /usr/share/man/man1/;
			dstSubfolderSpec = 0;
			files = (
			);
			runOnlyForDeploymentPostprocessing = 1;
		};
/* End PBXCopyFilesBuildPhase section */

/* Begin PBXFileReference section */
		D709E8F02B997EFA00433AA5 /* geodb */ = {isa = PBXFileReference; explicitFileType = "compiled.mach-o.executable"; includeInIndex = 0; path = geodb; sourceTree = BUILT_PRODUCTS_DIR; };
		D709E8F72B997F0500433AA5 /* geodb.cpp */ = {isa = PBXFileReference; lastKnownFileType = sourcecode.cpp.cpp; path = geodb.cpp; sourceTree = "<group>"; };
		D709E8F82B997F0500433AA5 /* geodb.h */ = {isa = PBXFileReference; lastKnownFileType = sourcecode.c.h; path = geodb.h; sourceTree = "<group>"; };
		D709E8FA2B99800D00433AA5 /* geodbTest.cpp */ = {isa = PBXFileReference; lastKnownFileType = sourcecode.cpp.cpp; path = geodbTest.cpp; sourceTree = "<group>"; };
		D709E8FD2B9A81A400433AA5 /* mapdatatest.txt */ = {isa = PBXFileReference; lastKnownFileType = text; path = mapdatatest.txt; sourceTree = "<group>"; };
		D760FE932B9964D6004BD6F1 /* project_4 */ = {isa = PBXFileReference; explicitFileType = "compiled.mach-o.executable"; includeInIndex = 0; path = project_4; sourceTree = BUILT_PRODUCTS_DIR; };
		D760FE962B9964D6004BD6F1 /* main.cpp */ = {isa = PBXFileReference; lastKnownFileType = sourcecode.cpp.cpp; path = main.cpp; sourceTree = "<group>"; };
		D760FE9D2B99653B004BD6F1 /* mapdata.txt */ = {isa = PBXFileReference; fileEncoding = 4; lastKnownFileType = text; path = mapdata.txt; sourceTree = "<group>"; };
		D760FE9E2B99653B004BD6F1 /* geotools.h */ = {isa = PBXFileReference; fileEncoding = 4; lastKnownFileType = sourcecode.c.h; path = geotools.h; sourceTree = "<group>"; };
		D760FE9F2B99653B004BD6F1 /* geopoint.h */ = {isa = PBXFileReference; fileEncoding = 4; lastKnownFileType = sourcecode.c.h; path = geopoint.h; sourceTree = "<group>"; };
		D760FEA02B99653B004BD6F1 /* base_classes.h */ = {isa = PBXFileReference; fileEncoding = 4; lastKnownFileType = sourcecode.c.h; path = base_classes.h; sourceTree = "<group>"; };
		D760FEA12B99653B004BD6F1 /* stops.h */ = {isa = PBXFileReference; fileEncoding = 4; lastKnownFileType = sourcecode.c.h; path = stops.h; sourceTree = "<group>"; };
		D760FEA22B99653B004BD6F1 /* tourcmd.h */ = {isa = PBXFileReference; fileEncoding = 4; lastKnownFileType = sourcecode.c.h; path = tourcmd.h; sourceTree = "<group>"; };
		D760FEA32B9965C8004BD6F1 /* HashMap.h */ = {isa = PBXFileReference; lastKnownFileType = sourcecode.c.h; path = HashMap.h; sourceTree = "<group>"; };
		D760FEA82B99679E004BD6F1 /* Hashmap */ = {isa = PBXFileReference; explicitFileType = "compiled.mach-o.executable"; includeInIndex = 0; path = Hashmap; sourceTree = BUILT_PRODUCTS_DIR; };
		D760FEAA2B99679E004BD6F1 /* main.cpp */ = {isa = PBXFileReference; lastKnownFileType = sourcecode.cpp.cpp; path = main.cpp; sourceTree = "<group>"; };
/* End PBXFileReference section */

/* Begin PBXFrameworksBuildPhase section */
		D709E8ED2B997EFA00433AA5 /* Frameworks */ = {
			isa = PBXFrameworksBuildPhase;
			buildActionMask = 2147483647;
			files = (
			);
			runOnlyForDeploymentPostprocessing = 0;
		};
		D760FE902B9964D6004BD6F1 /* Frameworks */ = {
			isa = PBXFrameworksBuildPhase;
			buildActionMask = 2147483647;
			files = (
			);
			runOnlyForDeploymentPostprocessing = 0;
		};
		D760FEA52B99679E004BD6F1 /* Frameworks */ = {
			isa = PBXFrameworksBuildPhase;
			buildActionMask = 2147483647;
			files = (
			);
			runOnlyForDeploymentPostprocessing = 0;
		};
/* End PBXFrameworksBuildPhase section */

/* Begin PBXGroup section */
		D709E8F12B997EFA00433AA5 /* geodb */ = {
			isa = PBXGroup;
			children = (
				D760FE9D2B99653B004BD6F1 /* mapdata.txt */,
				D709E8F72B997F0500433AA5 /* geodb.cpp */,
				D709E8FD2B9A81A400433AA5 /* mapdatatest.txt */,
				D709E8FA2B99800D00433AA5 /* geodbTest.cpp */,
				D709E8F82B997F0500433AA5 /* geodb.h */,
			);
			path = geodb;
			sourceTree = "<group>";
		};
		D760FE8A2B9964D6004BD6F1 = {
			isa = PBXGroup;
			children = (
				D760FE952B9964D6004BD6F1 /* project_4 */,
				D760FEA92B99679E004BD6F1 /* HashMap */,
				D709E8F12B997EFA00433AA5 /* geodb */,
				D760FE942B9964D6004BD6F1 /* Products */,
			);
			sourceTree = "<group>";
		};
		D760FE942B9964D6004BD6F1 /* Products */ = {
			isa = PBXGroup;
			children = (
				D760FE932B9964D6004BD6F1 /* project_4 */,
				D760FEA82B99679E004BD6F1 /* Hashmap */,
				D709E8F02B997EFA00433AA5 /* geodb */,
			);
			name = Products;
			sourceTree = "<group>";
		};
		D760FE952B9964D6004BD6F1 /* project_4 */ = {
			isa = PBXGroup;
			children = (
				D760FEA02B99653B004BD6F1 /* base_classes.h */,
				D760FE9F2B99653B004BD6F1 /* geopoint.h */,
				D760FE9E2B99653B004BD6F1 /* geotools.h */,
				D760FEA12B99653B004BD6F1 /* stops.h */,
				D760FEA22B99653B004BD6F1 /* tourcmd.h */,
				D760FE962B9964D6004BD6F1 /* main.cpp */,
			);
			path = project_4;
			sourceTree = "<group>";
		};
		D760FEA92B99679E004BD6F1 /* HashMap */ = {
			isa = PBXGroup;
			children = (
				D760FEA32B9965C8004BD6F1 /* HashMap.h */,
				D760FEAA2B99679E004BD6F1 /* main.cpp */,
			);
			path = HashMap;
			sourceTree = "<group>";
		};
/* End PBXGroup section */

/* Begin PBXNativeTarget section */
		D709E8EF2B997EFA00433AA5 /* geodb */ = {
			isa = PBXNativeTarget;
			buildConfigurationList = D709E8F62B997EFA00433AA5 /* Build configuration list for PBXNativeTarget "geodb" */;
			buildPhases = (
				D709E8EC2B997EFA00433AA5 /* Sources */,
				D709E8ED2B997EFA00433AA5 /* Frameworks */,
				D709E8EE2B997EFA00433AA5 /* CopyFiles */,
			);
			buildRules = (
			);
			dependencies = (
			);
			name = geodb;
			productName = geodb;
			productReference = D709E8F02B997EFA00433AA5 /* geodb */;
			productType = "com.apple.product-type.tool";
		};
		D760FE922B9964D6004BD6F1 /* project_4 */ = {
			isa = PBXNativeTarget;
			buildConfigurationList = D760FE9A2B9964D6004BD6F1 /* Build configuration list for PBXNativeTarget "project_4" */;
			buildPhases = (
				D760FE8F2B9964D6004BD6F1 /* Sources */,
				D760FE902B9964D6004BD6F1 /* Frameworks */,
				D760FE912B9964D6004BD6F1 /* CopyFiles */,
			);
			buildRules = (
			);
			dependencies = (
			);
			name = project_4;
			productName = project_4;
			productReference = D760FE932B9964D6004BD6F1 /* project_4 */;
			productType = "com.apple.product-type.tool";
		};
		D760FEA72B99679E004BD6F1 /* Hashmap */ = {
			isa = PBXNativeTarget;
			buildConfigurationList = D760FEAC2B99679E004BD6F1 /* Build configuration list for PBXNativeTarget "Hashmap" */;
			buildPhases = (
				D760FEA42B99679E004BD6F1 /* Sources */,
				D760FEA52B99679E004BD6F1 /* Frameworks */,
				D760FEA62B99679E004BD6F1 /* CopyFiles */,
			);
			buildRules = (
			);
			dependencies = (
			);
			name = Hashmap;
			productName = Hashmap;
			productReference = D760FEA82B99679E004BD6F1 /* Hashmap */;
			productType = "com.apple.product-type.tool";
		};
/* End PBXNativeTarget section */

/* Begin PBXProject section */
		D760FE8B2B9964D6004BD6F1 /* Project object */ = {
			isa = PBXProject;
			attributes = {
				BuildIndependentTargetsInParallel = 1;
				LastUpgradeCheck = 1500;
				TargetAttributes = {
					D709E8EF2B997EFA00433AA5 = {
						CreatedOnToolsVersion = 15.0.1;
					};
					D760FE922B9964D6004BD6F1 = {
						CreatedOnToolsVersion = 15.0.1;
					};
					D760FEA72B99679E004BD6F1 = {
						CreatedOnToolsVersion = 15.0.1;
					};
				};
			};
			buildConfigurationList = D760FE8E2B9964D6004BD6F1 /* Build configuration list for PBXProject "project_4" */;
			compatibilityVersion = "Xcode 14.0";
			developmentRegion = en;
			hasScannedForEncodings = 0;
			knownRegions = (
				en,
				Base,
			);
			mainGroup = D760FE8A2B9964D6004BD6F1;
			productRefGroup = D760FE942B9964D6004BD6F1 /* Products */;
			projectDirPath = "";
			projectRoot = "";
			targets = (
				D760FE922B9964D6004BD6F1 /* project_4 */,
				D760FEA72B99679E004BD6F1 /* Hashmap */,
				D709E8EF2B997EFA00433AA5 /* geodb */,
			);
		};
/* End PBXProject section */

/* Begin PBXSourcesBuildPhase section */
		D709E8EC2B997EFA00433AA5 /* Sources */ = {
			isa = PBXSourcesBuildPhase;
			buildActionMask = 2147483647;
			files = (
				D709E8F92B997F0500433AA5 /* geodb.cpp in Sources */,
				D709E8FB2B99800D00433AA5 /* geodbTest.cpp in Sources */,
			);
			runOnlyForDeploymentPostprocessing = 0;
		};
		D760FE8F2B9964D6004BD6F1 /* Sources */ = {
			isa = PBXSourcesBuildPhase;
			buildActionMask = 2147483647;
			files = (
				D760FE972B9964D6004BD6F1 /* main.cpp in Sources */,
			);
			runOnlyForDeploymentPostprocessing = 0;
		};
		D760FEA42B99679E004BD6F1 /* Sources */ = {
			isa = PBXSourcesBuildPhase;
			buildActionMask = 2147483647;
			files = (
				D760FEAB2B99679E004BD6F1 /* main.cpp in Sources */,
			);
			runOnlyForDeploymentPostprocessing = 0;
		};
/* End PBXSourcesBuildPhase section */

/* Begin XCBuildConfiguration section */
		D709E8F42B997EFA00433AA5 /* Debug */ = {
			isa = XCBuildConfiguration;
			buildSettings = {
				CODE_SIGN_STYLE = Automatic;
				PRODUCT_NAME = "$(TARGET_NAME)";
			};
			name = Debug;
		};
		D709E8F52B997EFA00433AA5 /* Release */ = {
			isa = XCBuildConfiguration;
			buildSettings = {
				CODE_SIGN_STYLE = Automatic;
				PRODUCT_NAME = "$(TARGET_NAME)";
			};
			name = Release;
		};
		D760FE982B9964D6004BD6F1 /* Debug */ = {
			isa = XCBuildConfiguration;
			buildSettings = {
				ALWAYS_SEARCH_USER_PATHS = NO;
				ASSETCATALOG_COMPILER_GENERATE_SWIFT_ASSET_SYMBOL_EXTENSIONS = YES;
				CLANG_ANALYZER_NONNULL = YES;
				CLANG_ANALYZER_NUMBER_OBJECT_CONVERSION = YES_AGGRESSIVE;
				CLANG_CXX_LANGUAGE_STANDARD = "gnu++20";
				CLANG_ENABLE_MODULES = YES;
				CLANG_ENABLE_OBJC_ARC = YES;
				CLANG_ENABLE_OBJC_WEAK = YES;
				CLANG_WARN_BLOCK_CAPTURE_AUTORELEASING = YES;
				CLANG_WARN_BOOL_CONVERSION = YES;
				CLANG_WARN_COMMA = YES;
				CLANG_WARN_CONSTANT_CONVERSION = YES;
				CLANG_WARN_DEPRECATED_OBJC_IMPLEMENTATIONS = YES;
				CLANG_WARN_DIRECT_OBJC_ISA_USAGE = YES_ERROR;
				CLANG_WARN_DOCUMENTATION_COMMENTS = YES;
				CLANG_WARN_EMPTY_BODY = YES;
				CLANG_WARN_ENUM_CONVERSION = YES;
				CLANG_WARN_INFINITE_RECURSION = YES;
				CLANG_WARN_INT_CONVERSION = YES;
				CLANG_WARN_NON_LITERAL_NULL_CONVERSION = YES;
				CLANG_WARN_OBJC_IMPLICIT_RETAIN_SELF = YES;
				CLANG_WARN_OBJC_LITERAL_CONVERSION = YES;
				CLANG_WARN_OBJC_ROOT_CLASS = YES_ERROR;
				CLANG_WARN_QUOTED_INCLUDE_IN_FRAMEWORK_HEADER = YES;
				CLANG_WARN_RANGE_LOOP_ANALYSIS = YES;
				CLANG_WARN_STRICT_PROTOTYPES = YES;
				CLANG_WARN_SUSPICIOUS_MOVE = YES;
				CLANG_WARN_UNGUARDED_AVAILABILITY = YES_AGGRESSIVE;
				CLANG_WARN_UNREACHABLE_CODE = YES;
				CLANG_WARN__DUPLICATE_METHOD_MATCH = YES;
				COPY_PHASE_STRIP = NO;
				DEBUG_INFORMATION_FORMAT = dwarf;
				ENABLE_STRICT_OBJC_MSGSEND = YES;
				ENABLE_TESTABILITY = YES;
				ENABLE_USER_SCRIPT_SANDBOXING = YES;
				GCC_C_LANGUAGE_STANDARD = gnu17;
				GCC_DYNAMIC_NO_PIC = NO;
				GCC_NO_COMMON_BLOCKS = YES;
				GCC_OPTIMIZATION_LEVEL = 0;
				GCC_PREPROCESSOR_DEFINITIONS = (
					"DEBUG=1",
					"$(inherited)",
				);
				GCC_WARN_64_TO_32_BIT_CONVERSION = YES;
				GCC_WARN_ABOUT_RETURN_TYPE = YES_ERROR;
				GCC_WARN_UNDECLARED_SELECTOR = YES;
				GCC_WARN_UNINITIALIZED_AUTOS = YES_AGGRESSIVE;
				GCC_WARN_UNUSED_FUNCTION = YES;
				GCC_WARN_UNUSED_VARIABLE = YES;
				LOCALIZATION_PREFERS_STRING_CATALOGS = YES;
				MACOSX_DEPLOYMENT_TARGET = 14.0;
				MTL_ENABLE_DEBUG_INFO = INCLUDE_SOURCE;
				MTL_FAST_MATH = YES;
				ONLY_ACTIVE_ARCH = YES;
				SDKROOT = macosx;
			};
			name = Debug;
		};
		D760FE992B9964D6004BD6F1 /* Release */ = {
			isa = XCBuildConfiguration;
			buildSettings = {
				ALWAYS_SEARCH_USER_PATHS = NO;
				ASSETCATALOG_COMPILER_GENERATE_SWIFT_ASSET_SYMBOL_EXTENSIONS = YES;
				CLANG_ANALYZER_NONNULL = YES;
				CLANG_ANALYZER_NUMBER_OBJECT_CONVERSION = YES_AGGRESSIVE;
				CLANG_CXX_LANGUAGE_STANDARD = "gnu++20";
				CLANG_ENABLE_MODULES = YES;
				CLANG_ENABLE_OBJC_ARC = YES;
				CLANG_ENABLE_OBJC_WEAK = YES;
				CLANG_WARN_BLOCK_CAPTURE_AUTORELEASING = YES;
				CLANG_WARN_BOOL_CONVERSION = YES;
				CLANG_WARN_COMMA = YES;
				CLANG_WARN_CONSTANT_CONVERSION = YES;
				CLANG_WARN_DEPRECATED_OBJC_IMPLEMENTATIONS = YES;
				CLANG_WARN_DIRECT_OBJC_ISA_USAGE = YES_ERROR;
				CLANG_WARN_DOCUMENTATION_COMMENTS = YES;
				CLANG_WARN_EMPTY_BODY = YES;
				CLANG_WARN_ENUM_CONVERSION = YES;
				CLANG_WARN_INFINITE_RECURSION = YES;
				CLANG_WARN_INT_CONVERSION = YES;
				CLANG_WARN_NON_LITERAL_NULL_CONVERSION = YES;
				CLANG_WARN_OBJC_IMPLICIT_RETAIN_SELF = YES;
				CLANG_WARN_OBJC_LITERAL_CONVERSION = YES;
				CLANG_WARN_OBJC_ROOT_CLASS = YES_ERROR;
				CLANG_WARN_QUOTED_INCLUDE_IN_FRAMEWORK_HEADER = YES;
				CLANG_WARN_RANGE_LOOP_ANALYSIS = YES;
				CLANG_WARN_STRICT_PROTOTYPES = YES;
				CLANG_WARN_SUSPICIOUS_MOVE = YES;
				CLANG_WARN_UNGUARDED_AVAILABILITY = YES_AGGRESSIVE;
				CLANG_WARN_UNREACHABLE_CODE = YES;
				CLANG_WARN__DUPLICATE_METHOD_MATCH = YES;
				COPY_PHASE_STRIP = NO;
				DEBUG_INFORMATION_FORMAT = "dwarf-with-dsym";
				ENABLE_NS_ASSERTIONS = NO;
				ENABLE_STRICT_OBJC_MSGSEND = YES;
				ENABLE_USER_SCRIPT_SANDBOXING = YES;
				GCC_C_LANGUAGE_STANDARD = gnu17;
				GCC_NO_COMMON_BLOCKS = YES;
				GCC_WARN_64_TO_32_BIT_CONVERSION = YES;
				GCC_WARN_ABOUT_RETURN_TYPE = YES_ERROR;
				GCC_WARN_UNDECLARED_SELECTOR = YES;
				GCC_WARN_UNINITIALIZED_AUTOS = YES_AGGRESSIVE;
				GCC_WARN_UNUSED_FUNCTION = YES;
				GCC_WARN_UNUSED_VARIABLE = YES;
				LOCALIZATION_PREFERS_STRING_CATALOGS = YES;
				MACOSX_DEPLOYMENT_TARGET = 14.0;
				MTL_ENABLE_DEBUG_INFO = NO;
				MTL_FAST_MATH = YES;
				SDKROOT = macosx;
			};
			name = Release;
		};
		D760FE9B2B9964D6004BD6F1 /* Debug */ = {
			isa = XCBuildConfiguration;
			buildSettings = {
				CODE_SIGN_STYLE = Automatic;
				PRODUCT_NAME = "$(TARGET_NAME)";
			};
			name = Debug;
		};
		D760FE9C2B9964D6004BD6F1 /* Release */ = {
			isa = XCBuildConfiguration;
			buildSettings = {
				CODE_SIGN_STYLE = Automatic;
				PRODUCT_NAME = "$(TARGET_NAME)";
			};
			name = Release;
		};
		D760FEAD2B99679E004BD6F1 /* Debug */ = {
			isa = XCBuildConfiguration;
			buildSettings = {
				CODE_SIGN_STYLE = Automatic;
				PRODUCT_NAME = "$(TARGET_NAME)";
			};
			name = Debug;
		};
		D760FEAE2B99679E004BD6F1 /* Release */ = {
			isa = XCBuildConfiguration;
			buildSettings = {
				CODE_SIGN_STYLE = Automatic;
				PRODUCT_NAME = "$(TARGET_NAME)";
			};
			name = Release;
		};
/* End XCBuildConfiguration section */

/* Begin XCConfigurationList section */
		D709E8F62B997EFA00433AA5 /* Build configuration list for PBXNativeTarget "geodb" */ = {
			isa = XCConfigurationList;
			buildConfigurations = (
				D709E8F42B997EFA00433AA5 /* Debug */,
				D709E8F52B997EFA00433AA5 /* Release */,
			);
			defaultConfigurationIsVisible = 0;
			defaultConfigurationName = Release;
		};
		D760FE8E2B9964D6004BD6F1 /* Build configuration list for PBXProject "project_4" */ = {
			isa = XCConfigurationList;
			buildConfigurations = (
				D760FE982B9964D6004BD6F1 /* Debug */,
				D760FE992B9964D6004BD6F1 /* Release */,
			);
			defaultConfigurationIsVisible = 0;
			defaultConfigurationName = Release;
		};
		D760FE9A2B9964D6004BD6F1 /* Build configuration list for PBXNativeTarget "project_4" */ = {
			isa = XCConfigurationList;
			buildConfigurations = (
				D760FE9B2B9964D6004BD6F1 /* Debug */,
				D760FE9C2B9964D6004BD6F1 /* Release */,
			);
			defaultConfigurationIsVisible = 0;
			defaultConfigurationName = Release;
		};
		D760FEAC2B99679E004BD6F1 /* Build configuration list for PBXNativeTarget "Hashmap" */ = {
			isa = XCConfigurationList;
			buildConfigurations = (
				D760FEAD2B99679E004BD6F1 /* Debug */,
				D760FEAE2B99679E004BD6F1 /* Release */,
			);
			defaultConfigurationIsVisible = 0;
			defaultConfigurationName = Release;
		};
/* End XCConfigurationList section */
	};
	rootObject = D760FE8B2B9964D6004BD6F1 /* Project object */;
}
